# THIS IS AN AUTOGENERATED FILE. DO NOT EDIT THIS FILE DIRECTLY.
# yarn lockfile v1


"@types/unist@^2.0.0":
  version "2.0.11"
  resolved "https://registry.yarnpkg.com/@types/unist/-/unist-2.0.11.tgz#11af57b127e32487774841f7a4e54eab166d03c4"
  integrity sha512-CmBKiL6NNo/OqgmMn95Fk9Whlp2mtvIv+KNpQKN2F4SjvrEesubTRWGYSg+BnWZOnlCaSTU1sMpsBOzgbYhnsA==

"@unified-latex/unified-latex-builder@^1.8.0":
  version "1.8.0"
  resolved "https://registry.yarnpkg.com/@unified-latex/unified-latex-builder/-/unified-latex-builder-1.8.0.tgz#2ba25a88fb0a4741452a6705fc80882579a002eb"
  integrity sha512-1s5MIan/qaYeqJI1Tk3bfUwdkk0jIrQXRJt0dF0j3JWT9RG60WbiXp+593eOJgFYJtn+h3FdM0bvalfa+ZzTXg==
  dependencies:
    "@unified-latex/unified-latex-types" "^1.8.0"

"@unified-latex/unified-latex-ctan@^1.4.1", "@unified-latex/unified-latex-ctan@^1.8.1":
  version "1.8.1"
  resolved "https://registry.yarnpkg.com/@unified-latex/unified-latex-ctan/-/unified-latex-ctan-1.8.1.tgz#4ba43906469d4e8b87684b125bf260ce6621edcd"
  integrity sha512-doCNkEpfBClt6jVeN88d8nt3a4xt30vWHY7rKKY9JcvQC1S9I9NGsr3ebPVGYmT0sxk6gBvohPVc5Kddo027nQ==
  dependencies:
    "@unified-latex/unified-latex-builder" "^1.8.0"
    "@unified-latex/unified-latex-types" "^1.8.0"
    "@unified-latex/unified-latex-util-argspec" "^1.8.1"
    "@unified-latex/unified-latex-util-arguments" "^1.8.1"
    "@unified-latex/unified-latex-util-comments" "^1.8.0"
    "@unified-latex/unified-latex-util-match" "^1.8.0"
    "@unified-latex/unified-latex-util-pegjs" "^1.8.1"
    "@unified-latex/unified-latex-util-print-raw" "^1.8.0"
    "@unified-latex/unified-latex-util-render-info" "^1.8.0"
    "@unified-latex/unified-latex-util-replace" "^1.8.0"
    "@unified-latex/unified-latex-util-scan" "^1.8.0"
    "@unified-latex/unified-latex-util-split" "^1.8.0"
    "@unified-latex/unified-latex-util-trim" "^1.8.0"
    "@unified-latex/unified-latex-util-visit" "^1.8.0"
    color "^4.2.3"

"@unified-latex/unified-latex-prettier@^2.4.2":
  version "2.4.2"
  resolved "https://registry.yarnpkg.com/@unified-latex/unified-latex-prettier/-/unified-latex-prettier-2.4.2.tgz#5483ac31e92a8d5e65c2b443c23820f8b74248b3"
  integrity sha512-gMvlKGiGi9zOWVHXPhzeURhPYwPIJ7MBht42et/sVb4Z2wTjhcn+bU7kookT067ywOptVZNBgJw+iAgSORAd+w==
  dependencies:
    "@unified-latex/unified-latex-ctan" "^1.4.1"
    "@unified-latex/unified-latex-types" "^1.3.1"
    "@unified-latex/unified-latex-util-align" "^1.4.0"
    "@unified-latex/unified-latex-util-match" "^1.4.0"
    "@unified-latex/unified-latex-util-parse" "^1.4.1"
    "@unified-latex/unified-latex-util-pgfkeys" "^1.4.0"
    "@unified-latex/unified-latex-util-print-raw" "^1.4.0"
    "@unified-latex/unified-latex-util-trim" "^1.4.0"
    "@unified-latex/unified-latex-util-visit" "^1.4.0"
    prettier "^3.0.3"
    unified "^10.1.2"

"@unified-latex/unified-latex-types@^1.3.1", "@unified-latex/unified-latex-types@^1.8.0":
  version "1.8.0"
  resolved "https://registry.yarnpkg.com/@unified-latex/unified-latex-types/-/unified-latex-types-1.8.0.tgz#7f4693c5acb6eeea86f65cd6145cdd8084adef02"
  integrity sha512-GLJbBmmfDOWtdEbpQCLb7++zPxXin36aC9XOVCuiVNMR9VYv3szOJa+ZdTilVCFHpOeFhKh6zRws96vJgz2tGA==

"@unified-latex/unified-latex-util-align@^1.4.0":
  version "1.8.1"
  resolved "https://registry.yarnpkg.com/@unified-latex/unified-latex-util-align/-/unified-latex-util-align-1.8.1.tgz#d4fbe6701243322f695b16bf616dcf39253af609"
  integrity sha512-csJxLrvziRc5ZkhcRsYI7gSQBGC4fXucPtwNkTscbSIy7PfYF7BfWBPc61sb9jXQg4T4R6MLdG/Tz6Pgb6z1bw==
  dependencies:
    "@unified-latex/unified-latex-types" "^1.8.0"
    "@unified-latex/unified-latex-util-match" "^1.8.0"
    "@unified-latex/unified-latex-util-pegjs" "^1.8.1"

"@unified-latex/unified-latex-util-argspec@^1.8.1":
  version "1.8.1"
  resolved "https://registry.yarnpkg.com/@unified-latex/unified-latex-util-argspec/-/unified-latex-util-argspec-1.8.1.tgz#4935a0565182938306fdd4bf4eabdc3bd4d2673b"
  integrity sha512-fEHtg0gUbqTCRQXsx21YA7C7CRZC+LJtPQmG4UCLVlwlfF4l9KZ0oxt0XWPIxV5bLj79otGR0nJEqdxMDuNtYA==
  dependencies:
    "@unified-latex/unified-latex-util-pegjs" "^1.8.1"

"@unified-latex/unified-latex-util-arguments@^1.8.1":
  version "1.8.1"
  resolved "https://registry.yarnpkg.com/@unified-latex/unified-latex-util-arguments/-/unified-latex-util-arguments-1.8.1.tgz#5cc02ea34a61f42dcbb621546cd34344ccbcc0be"
  integrity sha512-BrU+MOVAzrViiS3he5f9I8l3ZVL5hUEEFaFM8kvrzX3EGEfwjiFTpJu6Z0xzuYvIIxi9hkoVMr54MBFRmE1+tA==
  dependencies:
    "@unified-latex/unified-latex-builder" "^1.8.0"
    "@unified-latex/unified-latex-types" "^1.8.0"
    "@unified-latex/unified-latex-util-argspec" "^1.8.1"
    "@unified-latex/unified-latex-util-match" "^1.8.0"
    "@unified-latex/unified-latex-util-render-info" "^1.8.0"
    "@unified-latex/unified-latex-util-scan" "^1.8.0"
    "@unified-latex/unified-latex-util-visit" "^1.8.0"
    unified "^10.1.2"

"@unified-latex/unified-latex-util-catcode@^1.8.0":
  version "1.8.0"
  resolved "https://registry.yarnpkg.com/@unified-latex/unified-latex-util-catcode/-/unified-latex-util-catcode-1.8.0.tgz#a966738cac9064b8a50e15f846dec066f88e3f82"
  integrity sha512-8VJX3ZpRsGl5fGsQkmL6s9oocLos7O8LPNueHhiQOfXRHLCorI5llQxDUPqDcjQ2kfM4oos/5WLGPgf6pzAIhQ==
  dependencies:
    "@unified-latex/unified-latex-types" "^1.8.0"
    "@unified-latex/unified-latex-util-match" "^1.8.0"
    "@unified-latex/unified-latex-util-visit" "^1.8.0"

"@unified-latex/unified-latex-util-comments@^1.8.0":
  version "1.8.0"
  resolved "https://registry.yarnpkg.com/@unified-latex/unified-latex-util-comments/-/unified-latex-util-comments-1.8.0.tgz#f3a77dc618b296c67572402683a4f9f43c6bdd22"
  integrity sha512-EQxcQknRbFf7nUqZ9zus6oC0zEWL1sgvziwl/nTTnSsefII0pGMKRw7jBI+Hqr4/U5+RzDYTeCIhP6FVQhHGMw==
  dependencies:
    "@unified-latex/unified-latex-types" "^1.8.0"
    "@unified-latex/unified-latex-util-match" "^1.8.0"
    "@unified-latex/unified-latex-util-replace" "^1.8.0"

"@unified-latex/unified-latex-util-environments@^1.8.1":
  version "1.8.1"
  resolved "https://registry.yarnpkg.com/@unified-latex/unified-latex-util-environments/-/unified-latex-util-environments-1.8.1.tgz#89a3d8e50ae035aed7c00993d9e2c326bba0bf0e"
  integrity sha512-UFn6m9jbPzQm+pj/Vm46VcJ3QnUJv73JsEcRYKI8GOh7gmHKFN+hWUHinQ/IPD5da7m10A2o9eGWd4So5E5QwQ==
  dependencies:
    "@unified-latex/unified-latex-types" "^1.8.0"
    "@unified-latex/unified-latex-util-arguments" "^1.8.1"
    "@unified-latex/unified-latex-util-match" "^1.8.0"
    "@unified-latex/unified-latex-util-print-raw" "^1.8.0"
    "@unified-latex/unified-latex-util-render-info" "^1.8.0"
    "@unified-latex/unified-latex-util-visit" "^1.8.0"
    unified "^10.1.2"

"@unified-latex/unified-latex-util-match@^1.4.0", "@unified-latex/unified-latex-util-match@^1.8.0":
  version "1.8.0"
  resolved "https://registry.yarnpkg.com/@unified-latex/unified-latex-util-match/-/unified-latex-util-match-1.8.0.tgz#025b300ccd9c1a25a3a01f6e24326d2ff087b833"
  integrity sha512-fjuLI1KVhWTHkfWn0kR8/RhM2oD2hxWhzgskUMLJ/IZMye9ESvVo8ItG4y+BtpwGFWpTmCtpMNXHjknIQxza9Q==
  dependencies:
    "@unified-latex/unified-latex-types" "^1.8.0"
    "@unified-latex/unified-latex-util-print-raw" "^1.8.0"

"@unified-latex/unified-latex-util-parse@^1.4.1":
  version "1.8.1"
  resolved "https://registry.yarnpkg.com/@unified-latex/unified-latex-util-parse/-/unified-latex-util-parse-1.8.1.tgz#2cc3b82838c0dc4baf1c53c7f362461786a0da15"
  integrity sha512-5fbVouRZXWtIYth5awwAd0zbO+aYEmyXGGlUeczglN8QRudhaiKe7X/ozqtBs0GnZiPeu3FbFRSelErKivVYdQ==
  dependencies:
    "@unified-latex/unified-latex-ctan" "^1.8.1"
    "@unified-latex/unified-latex-types" "^1.8.0"
    "@unified-latex/unified-latex-util-arguments" "^1.8.1"
    "@unified-latex/unified-latex-util-catcode" "^1.8.0"
    "@unified-latex/unified-latex-util-environments" "^1.8.1"
    "@unified-latex/unified-latex-util-match" "^1.8.0"
    "@unified-latex/unified-latex-util-pegjs" "^1.8.1"
    "@unified-latex/unified-latex-util-print-raw" "^1.8.0"
    "@unified-latex/unified-latex-util-trim" "^1.8.0"
    "@unified-latex/unified-latex-util-visit" "^1.8.0"
    unified "^10.1.2"

"@unified-latex/unified-latex-util-pegjs@^1.8.1":
  version "1.8.1"
  resolved "https://registry.yarnpkg.com/@unified-latex/unified-latex-util-pegjs/-/unified-latex-util-pegjs-1.8.1.tgz#96af348e58844e8aa843d350dc191ae33d68ae6a"
  integrity sha512-1N6WknnzKGACFCmgaEZ2j89j5C2dKhmAOCfy6moD+AMm6nUb69Xp9pJ1jDfqz+Uz9+zRo5I6ksr6q5GgmAJvtw==
  dependencies:
    "@unified-latex/unified-latex-types" "^1.8.0"
    "@unified-latex/unified-latex-util-match" "^1.8.0"

"@unified-latex/unified-latex-util-pgfkeys@^1.4.0":
  version "1.8.1"
  resolved "https://registry.yarnpkg.com/@unified-latex/unified-latex-util-pgfkeys/-/unified-latex-util-pgfkeys-1.8.1.tgz#b7dfe554444e7b6905ee204ec356cce512617a15"
  integrity sha512-VwZeUzmPgKwO2sZ9xx4Ul0Mp82DVdWg32krOlH9dzW4ZQDOBTnRtvx6LQmg9b7Iz3F2pHLYU0LCCaJlvFNBm1A==
  dependencies:
    "@unified-latex/unified-latex-types" "^1.8.0"
    "@unified-latex/unified-latex-util-match" "^1.8.0"
    "@unified-latex/unified-latex-util-pegjs" "^1.8.1"
    "@unified-latex/unified-latex-util-print-raw" "^1.8.0"

"@unified-latex/unified-latex-util-print-raw@^1.4.0", "@unified-latex/unified-latex-util-print-raw@^1.8.0":
  version "1.8.0"
  resolved "https://registry.yarnpkg.com/@unified-latex/unified-latex-util-print-raw/-/unified-latex-util-print-raw-1.8.0.tgz#f16942d46a0ce41f0650ef47d8d7c0e3d696bb1a"
  integrity sha512-lMuLqnHXCDNqrjslf6hBAA2McEI+oaaxvjA9zfeAeWZyZh+DUJjkmwiuxYejwHHKbQvqzregNP4wtb9OvaC21g==
  dependencies:
    "@unified-latex/unified-latex-types" "^1.8.0"

"@unified-latex/unified-latex-util-render-info@^1.8.0":
  version "1.8.0"
  resolved "https://registry.yarnpkg.com/@unified-latex/unified-latex-util-render-info/-/unified-latex-util-render-info-1.8.0.tgz#b8589a5f435a7d085344ac0390a1b4f891c5579f"
  integrity sha512-8rkCQ1chHBwGee/jRxM0Qtvru4Z9bv738oVmi4f+2QDnpxMMwj774EXMXnVOo982OM7e8ZTosH6IXcN6KehyzQ==
  dependencies:
    "@unified-latex/unified-latex-types" "^1.8.0"
    "@unified-latex/unified-latex-util-visit" "^1.8.0"

"@unified-latex/unified-latex-util-replace@^1.8.0":
  version "1.8.0"
  resolved "https://registry.yarnpkg.com/@unified-latex/unified-latex-util-replace/-/unified-latex-util-replace-1.8.0.tgz#d4639a762a129173cd2f34b52e203c39dab4c7b8"
  integrity sha512-F3WRwWZPbdYqy58qGpSpA0wXRh/1vdbuCK4/Gi/Mxbc/LvrzJKEc5H6lgB0SsrLgPybr3lzRmUCvuzSI3vC+3g==
  dependencies:
    "@unified-latex/unified-latex-types" "^1.8.0"
    "@unified-latex/unified-latex-util-match" "^1.8.0"
    "@unified-latex/unified-latex-util-split" "^1.8.0"
    "@unified-latex/unified-latex-util-trim" "^1.8.0"
    "@unified-latex/unified-latex-util-visit" "^1.8.0"
    unified "^10.1.2"

"@unified-latex/unified-latex-util-scan@^1.8.0":
  version "1.8.0"
  resolved "https://registry.yarnpkg.com/@unified-latex/unified-latex-util-scan/-/unified-latex-util-scan-1.8.0.tgz#8821f0f3ea79992ce62a1baa6e6f3653fae6443e"
  integrity sha512-4WWDTcLOhlkZsGmGl/IZA0Jg2rTitVwGf6ktxs57AyuCEdzHA5ZeNwzSewW8wpHQdLfnPX+LNEnaukwEdWfF1g==
  dependencies:
    "@unified-latex/unified-latex-types" "^1.8.0"
    "@unified-latex/unified-latex-util-match" "^1.8.0"
    "@unified-latex/unified-latex-util-print-raw" "^1.8.0"
    trie-prefix-tree "^1.5.1"

"@unified-latex/unified-latex-util-split@^1.8.0":
  version "1.8.0"
  resolved "https://registry.yarnpkg.com/@unified-latex/unified-latex-util-split/-/unified-latex-util-split-1.8.0.tgz#90faa432a420fc70b9247587c85c513635a76eab"
  integrity sha512-gRlRge72wcvLRs6bEoVbh0fDACbkioEPDJOr7XaCuQqjNNu1VTXlcvImZQVXCdMG6CJ4lqiaJRwnUupK4rsmsA==
  dependencies:
    "@unified-latex/unified-latex-types" "^1.8.0"
    "@unified-latex/unified-latex-util-match" "^1.8.0"

"@unified-latex/unified-latex-util-trim@^1.4.0", "@unified-latex/unified-latex-util-trim@^1.8.0":
  version "1.8.0"
  resolved "https://registry.yarnpkg.com/@unified-latex/unified-latex-util-trim/-/unified-latex-util-trim-1.8.0.tgz#f4b211e5ff5a0c11ac8b264a223ba87d2e440417"
  integrity sha512-jZYPJxkZkcQV49lOMJonGD7G3tgUFyJ0A54AGb0Rvpj05feaCzTL5TN7GGiow0pfAqpnolGDcCVmtFm8nlrmAA==
  dependencies:
    "@unified-latex/unified-latex-types" "^1.8.0"
    "@unified-latex/unified-latex-util-match" "^1.8.0"
    "@unified-latex/unified-latex-util-visit" "^1.8.0"
    unified "^10.1.2"

"@unified-latex/unified-latex-util-visit@^1.4.0", "@unified-latex/unified-latex-util-visit@^1.8.0":
  version "1.8.0"
  resolved "https://registry.yarnpkg.com/@unified-latex/unified-latex-util-visit/-/unified-latex-util-visit-1.8.0.tgz#8f4408b8a10e02e2dc7c6eb9dba01fdbe2875daf"
  integrity sha512-kCmeZMQCC5yRUzTLW30Ulr1RvsXVJ2ar2JB9OWSzu3oXRNVcB7Ga34GGGQuBhS7WXEqcqcqAiArfgJKdA1yIIA==
  dependencies:
    "@unified-latex/unified-latex-types" "^1.8.0"
    "@unified-latex/unified-latex-util-match" "^1.8.0"

bail@^2.0.0:
  version "2.0.2"
  resolved "https://registry.yarnpkg.com/bail/-/bail-2.0.2.tgz#d26f5cd8fe5d6f832a31517b9f7c356040ba6d5d"
  integrity sha512-0xO6mYd7JB2YesxDKplafRpsiOzPt9V02ddPCLbY1xYGPOX24NTyN50qnUxgCPcSoYMhKpAuBTjQoRZCAkUDRw==

color-convert@^2.0.1:
  version "2.0.1"
  resolved "https://registry.yarnpkg.com/color-convert/-/color-convert-2.0.1.tgz#72d3a68d598c9bdb3af2ad1e84f21d896abd4de3"
  integrity sha512-RRECPsj7iu/xb5oKYcsFHSppFNnsj/52OVTRKb4zP5onXwVF3zVmmToNcOfGC+CRDpfK/U584fMg38ZHCaElKQ==
  dependencies:
    color-name "~1.1.4"

color-name@^1.0.0, color-name@~1.1.4:
  version "1.1.4"
  resolved "https://registry.yarnpkg.com/color-name/-/color-name-1.1.4.tgz#c2a09a87acbde69543de6f63fa3995c826c536a2"
  integrity sha512-dOy+3AuW3a2wNbZHIuMZpTcgjGuLU/uBL/ubcZF9OXbDo8ff4O8yVp5Bf0efS8uEoYo5q4Fx7dY9OgQGXgAsQA==

color-string@^1.9.0:
  version "1.9.1"
  resolved "https://registry.yarnpkg.com/color-string/-/color-string-1.9.1.tgz#4467f9146f036f855b764dfb5bf8582bf342c7a4"
  integrity sha512-shrVawQFojnZv6xM40anx4CkoDP+fZsw/ZerEMsW/pyzsRbElpsL/DBVW7q3ExxwusdNXI3lXpuhEZkzs8p5Eg==
  dependencies:
    color-name "^1.0.0"
    simple-swizzle "^0.2.2"

color@^4.2.3:
  version "4.2.3"
  resolved "https://registry.yarnpkg.com/color/-/color-4.2.3.tgz#d781ecb5e57224ee43ea9627560107c0e0c6463a"
  integrity sha512-1rXeuUUiGGrykh+CeBdu5Ie7OJwinCgQY0bc7GCRxy5xVHy+moaqkpL/jqQq0MtQOeYcrqEz4abc5f0KtU7W4A==
  dependencies:
    color-convert "^2.0.1"
    color-string "^1.9.0"

extend@^3.0.0:
  version "3.0.2"
  resolved "https://registry.yarnpkg.com/extend/-/extend-3.0.2.tgz#f8b1136b4071fbd8eb140aff858b1019ec2915fa"
  integrity sha512-fjquC59cD7CyW6urNXK0FBufkZcoiGG80wTuPujX590cB5Ttln20E2UB4S/WARVqhXffZl2LNgS+gQdPIIim/g==

is-arrayish@^0.3.1:
  version "0.3.2"
  resolved "https://registry.yarnpkg.com/is-arrayish/-/is-arrayish-0.3.2.tgz#4574a2ae56f7ab206896fb431eaeed066fdf8f03"
  integrity sha512-eVRqCvVlZbuw3GrM63ovNSNAeA1K16kaR/LRY/92w0zxQ5/1YzwblUX652i4Xs9RwAGjW9d9y6X88t8OaAJfWQ==

is-buffer@^2.0.0:
  version "2.0.5"
  resolved "https://registry.yarnpkg.com/is-buffer/-/is-buffer-2.0.5.tgz#ebc252e400d22ff8d77fa09888821a24a658c191"
  integrity sha512-i2R6zNFDwgEHJyQUtJEk0XFi1i0dPFn/oqjK3/vPCcDeJvW5NQ83V8QbicfF1SupOaB0h8ntgBC2YiE7dfyctQ==

is-plain-obj@^4.0.0:
  version "4.1.0"
  resolved "https://registry.yarnpkg.com/is-plain-obj/-/is-plain-obj-4.1.0.tgz#d65025edec3657ce032fd7db63c97883eaed71f0"
  integrity sha512-+Pgi+vMuUNkJyExiMBt5IlFoMyKnr5zhJ4Uspz58WOhBF5QoIZkFyNHIbBAtHwzVAgk5RtndVNsDRN61/mmDqg==

prettier-plugin-latex@^2.0.1:
  version "2.0.1"
  resolved "https://registry.yarnpkg.com/prettier-plugin-latex/-/prettier-plugin-latex-2.0.1.tgz#6be10810a21db76830cb10e6a0b4842279a6288d"
  integrity sha512-xIKGN0uWU+JwGHI92ixohngGLpy2nGQhYnmTtVue/jbw+K0fFPddQ3pMXx3fjtmmUhlbZisYXehJtcJ9Ford0g==
  dependencies:
    "@unified-latex/unified-latex-prettier" "^2.4.2"
    prettier "^3.0.3"

prettier@^3.0.3, prettier@^3.4.2:
  version "3.4.2"
  resolved "https://registry.yarnpkg.com/prettier/-/prettier-3.4.2.tgz#a5ce1fb522a588bf2b78ca44c6e6fe5aa5a2b13f"
  integrity sha512-e9MewbtFo+Fevyuxn/4rrcDAaq0IYxPGLvObpQjiZBMAzB9IGmzlnG9RZy3FFas+eBMu2vA0CszMeduow5dIuQ==

simple-swizzle@^0.2.2:
  version "0.2.2"
  resolved "https://registry.yarnpkg.com/simple-swizzle/-/simple-swizzle-0.2.2.tgz#a4da6b635ffcccca33f70d17cb92592de95e557a"
  integrity sha512-JA//kQgZtbuY83m+xT+tXJkmJncGMTFT+C+g2h2R9uxkYIrE2yy9sgmcLhCnw57/WSD+Eh3J97FPEDFnbXnDUg==
  dependencies:
    is-arrayish "^0.3.1"

trie-prefix-tree@^1.5.1:
  version "1.5.1"
  resolved "https://registry.yarnpkg.com/trie-prefix-tree/-/trie-prefix-tree-1.5.1.tgz#209c91f0e66cde53af2c5de8aceeca5558cdf03d"
  integrity sha512-Jjvj/dA97wXnabG/NLJUgo4IQMj6vucH+Qxm7of/omfWSmZlPqdRU6Ta4GmQqCZH+n3/iYZUwfvUoEhB0Hs83Q==

trough@^2.0.0:
  version "2.2.0"
  resolved "https://registry.yarnpkg.com/trough/-/trough-2.2.0.tgz#94a60bd6bd375c152c1df911a4b11d5b0256f50f"
  integrity sha512-tmMpK00BjZiUyVyvrBK7knerNgmgvcV/KLVyuma/SC+TQN167GrMRciANTz09+k3zW8L8t60jWO1GpfkZdjTaw==

unified@^10.1.2:
  version "10.1.2"
  resolved "https://registry.yarnpkg.com/unified/-/unified-10.1.2.tgz#b1d64e55dafe1f0b98bb6c719881103ecf6c86df"
  integrity sha512-pUSWAi/RAnVy1Pif2kAoeWNBa3JVrx0MId2LASj8G+7AiHWoKZNTomq6LG326T68U7/e263X6fTdcXIy7XnF7Q==
  dependencies:
    "@types/unist" "^2.0.0"
    bail "^2.0.0"
    extend "^3.0.0"
    is-buffer "^2.0.0"
    is-plain-obj "^4.0.0"
    trough "^2.0.0"
    vfile "^5.0.0"

unist-util-stringify-position@^3.0.0:
  version "3.0.3"
  resolved "https://registry.yarnpkg.com/unist-util-stringify-position/-/unist-util-stringify-position-3.0.3.tgz#03ad3348210c2d930772d64b489580c13a7db39d"
  integrity sha512-k5GzIBZ/QatR8N5X2y+drfpWG8IDBzdnVj6OInRNWm1oXrzydiaAT2OQiA8DPRRZyAKb9b6I2a6PxYklZD0gKg==
  dependencies:
    "@types/unist" "^2.0.0"

vfile-message@^3.0.0:
  version "3.1.4"
  resolved "https://registry.yarnpkg.com/vfile-message/-/vfile-message-3.1.4.tgz#15a50816ae7d7c2d1fa87090a7f9f96612b59dea"
  integrity sha512-fa0Z6P8HUrQN4BZaX05SIVXic+7kE3b05PWAtPuYP9QLHsLKYR7/AlLW3NtOrpXRLeawpDLMsVkmk5DG0NXgWw==
  dependencies:
    "@types/unist" "^2.0.0"
    unist-util-stringify-position "^3.0.0"

vfile@^5.0.0:
  version "5.3.7"
  resolved "https://registry.yarnpkg.com/vfile/-/vfile-5.3.7.tgz#de0677e6683e3380fafc46544cfe603118826ab7"
  integrity sha512-r7qlzkgErKjobAmyNIkkSpizsFPYiUPuJb5pNW1RB4JcYVZhs4lIbVqk8XPk033CV/1z8ss5pkax8SuhGpcG8g==
  dependencies:
    "@types/unist" "^2.0.0"
    is-buffer "^2.0.0"
    unist-util-stringify-position "^3.0.0"
    vfile-message "^3.0.0"
